
Microsoft Visual Studio Solution File, Format Version 12.00
# Visual Studio Version 17
VisualStudioVersion = 17.3.32901.215
MinimumVisualStudioVersion = 10.0.40219.1
Project("{FAE04EC0-301F-11D3-BF4B-00C04F79EFBC}") = "Homework-5", "Homework-5\Homework-5.csproj", "{921BE941-3162-474E-83F7-D1A3D0C3837E}"
EndProject
Global
	GlobalSection(SolutionConfigurationPlatforms) = preSolution
		Debug|Any CPU = Debug|Any CPU
		Release|Any CPU = Release|Any CPU
	EndGlobalSection
	GlobalSection(ProjectConfigurationPlatforms) = postSolution
		{921BE941-3162-474E-83F7-D1A3D0C3837E}.Debug|Any CPU.ActiveCfg = Debug|Any CPU
		{921BE941-3162-474E-83F7-D1A3D0C3837E}.Debug|Any CPU.Build.0 = Debug|Any CPU
		{921BE941-3162-474E-83F7-D1A3D0C3837E}.Release|Any CPU.ActiveCfg = Release|Any CPU
		{921BE941-3162-474E-83F7-D1A3D0C3837E}.Release|Any CPU.Build.0 = Release|Any CPU
	EndGlobalSection
	GlobalSection(SolutionProperties) = preSolution
		HideSolutionNode = FALSE
	EndGlobalSection
	GlobalSection(ExtensibilityGlobals) = postSolution
		SolutionGuid = {17948287-6934-417F-BE43-A38A2C1EC271}
	EndGlobalSection
EndGlobal
